
Microsoft Visual Studio Solution File, Format Version 12.00
# Visual Studio Version 16
VisualStudioVersion = 16.0.29728.190
MinimumVisualStudioVersion = 10.0.40219.1
Project("{FAE04EC0-301F-11D3-BF4B-00C04F79EFBC}") = "Runner", "src\Runner\Runner.csproj", "{59381136-EDAC-486D-ADC8-5B1E85C3B670}"
EndProject
Global
	GlobalSection(SolutionConfigurationPlatforms) = preSolution
		Debug|Any CPU = Debug|Any CPU
		Release|Any CPU = Release|Any CPU
	EndGlobalSection
	GlobalSection(ProjectConfigurationPlatforms) = postSolution
		{59381136-EDAC-486D-ADC8-5B1E85C3B670}.Debug|Any CPU.ActiveCfg = Debug|Any CPU
		{59381136-EDAC-486D-ADC8-5B1E85C3B670}.Debug|Any CPU.Build.0 = Debug|Any CPU
		{59381136-EDAC-486D-ADC8-5B1E85C3B670}.Release|Any CPU.ActiveCfg = Release|Any CPU
		{59381136-EDAC-486D-ADC8-5B1E85C3B670}.Release|Any CPU.Build.0 = Release|Any CPU
	EndGlobalSection
	GlobalSection(SolutionProperties) = preSolution
		HideSolutionNode = FALSE
	EndGlobalSection
	GlobalSection(ExtensibilityGlobals) = postSolution
		SolutionGuid = {882032D2-5106-47B6-9803-8376A8ABDB3A}
	EndGlobalSection
EndGlobal
